
Microsoft Visual Studio Solution File, Format Version 12.00
# Visual Studio Version 17
VisualStudioVersion = 17.13.35828.75 d17.13
MinimumVisualStudioVersion = 10.0.40219.1
Project("{FAE04EC0-301F-11D3-BF4B-00C04F79EFBC}") = "CalculationAPI", "CalculationAPI\CalculationAPI.csproj", "{0927A263-225A-4AE3-A741-81DD06568348}"
EndProject
Project("{FAE04EC0-301F-11D3-BF4B-00C04F79EFBC}") = "CalculationAPITests", "CalculationAPITests\CalculationAPITests.csproj", "{A58F27C3-54BF-4205-BC91-D7CB4002D6A3}"
EndProject
Global
	GlobalSection(SolutionConfigurationPlatforms) = preSolution
		Debug|Any CPU = Debug|Any CPU
		Release|Any CPU = Release|Any CPU
	EndGlobalSection
	GlobalSection(ProjectConfigurationPlatforms) = postSolution
		{0927A263-225A-4AE3-A741-81DD06568348}.Debug|Any CPU.ActiveCfg = Debug|Any CPU
		{0927A263-225A-4AE3-A741-81DD06568348}.Debug|Any CPU.Build.0 = Debug|Any CPU
		{0927A263-225A-4AE3-A741-81DD06568348}.Release|Any CPU.ActiveCfg = Release|Any CPU
		{0927A263-225A-4AE3-A741-81DD06568348}.Release|Any CPU.Build.0 = Release|Any CPU
		{A58F27C3-54BF-4205-BC91-D7CB4002D6A3}.Debug|Any CPU.ActiveCfg = Debug|Any CPU
		{A58F27C3-54BF-4205-BC91-D7CB4002D6A3}.Debug|Any CPU.Build.0 = Debug|Any CPU
		{A58F27C3-54BF-4205-BC91-D7CB4002D6A3}.Release|Any CPU.ActiveCfg = Release|Any CPU
		{A58F27C3-54BF-4205-BC91-D7CB4002D6A3}.Release|Any CPU.Build.0 = Release|Any CPU
	EndGlobalSection
	GlobalSection(SolutionProperties) = preSolution
		HideSolutionNode = FALSE
	EndGlobalSection
	GlobalSection(ExtensibilityGlobals) = postSolution
		SolutionGuid = {791701BF-2C38-450C-B379-685C6342BD92}
	EndGlobalSection
EndGlobal
